// !$*UTF8*$!
{
	archiveVersion = 1;
	classes = {
	};
	objectVersion = 50;
	objects = {

/* Begin PBXBuildFile section */
		3F8D6432235A1C2C0074EA79 /* PlantaViewController.swift in Sources */ = {isa = PBXBuildFile; fileRef = 3F8D6431235A1C2C0074EA79 /* PlantaViewController.swift */; };
		3F8D6434235A271A0074EA79 /* PlantaEspecificaViewController.swift in Sources */ = {isa = PBXBuildFile; fileRef = 3F8D6433235A271A0074EA79 /* PlantaEspecificaViewController.swift */; };
		3FA5B8EA2358F1050087E3C7 /* AppDelegate.swift in Sources */ = {isa = PBXBuildFile; fileRef = 3FA5B8E92358F1050087E3C7 /* AppDelegate.swift */; };
		3FA5B8EC2358F1050087E3C7 /* ViewController.swift in Sources */ = {isa = PBXBuildFile; fileRef = 3FA5B8EB2358F1050087E3C7 /* ViewController.swift */; };
		3FA5B8EF2358F1050087E3C7 /* Main.storyboard in Resources */ = {isa = PBXBuildFile; fileRef = 3FA5B8ED2358F1050087E3C7 /* Main.storyboard */; };
		3FA5B8F12358F1070087E3C7 /* Assets.xcassets in Resources */ = {isa = PBXBuildFile; fileRef = 3FA5B8F02358F1070087E3C7 /* Assets.xcassets */; };
		3FA5B8F42358F1070087E3C7 /* LaunchScreen.storyboard in Resources */ = {isa = PBXBuildFile; fileRef = 3FA5B8F22358F1070087E3C7 /* LaunchScreen.storyboard */; };
		3FA5B8FF2358F1070087E3C7 /* SmartLeafy2Tests.swift in Sources */ = {isa = PBXBuildFile; fileRef = 3FA5B8FE2358F1070087E3C7 /* SmartLeafy2Tests.swift */; };
		3FA5B90A2358F1070087E3C7 /* SmartLeafy2UITests.swift in Sources */ = {isa = PBXBuildFile; fileRef = 3FA5B9092358F1070087E3C7 /* SmartLeafy2UITests.swift */; };
		3FA5B9182358F1B40087E3C7 /* Solo.swift in Sources */ = {isa = PBXBuildFile; fileRef = 3FA5B9172358F1B40087E3C7 /* Solo.swift */; };
		3FA5B91A2358F1D90087E3C7 /* Planta.swift in Sources */ = {isa = PBXBuildFile; fileRef = 3FA5B9192358F1D90087E3C7 /* Planta.swift */; };
		3FA5B91C2358F1E10087E3C7 /* PlantaDAO.swift in Sources */ = {isa = PBXBuildFile; fileRef = 3FA5B91B2358F1E10087E3C7 /* PlantaDAO.swift */; };
		3FA5B9202358F4BA0087E3C7 /* PlantaCollectionViewCell.swift in Sources */ = {isa = PBXBuildFile; fileRef = 3FA5B91F2358F4BA0087E3C7 /* PlantaCollectionViewCell.swift */; };
/* End PBXBuildFile section */

/* Begin PBXContainerItemProxy section */
		3FA5B8FB2358F1070087E3C7 /* PBXContainerItemProxy */ = {
			isa = PBXContainerItemProxy;
			containerPortal = 3FA5B8DE2358F1050087E3C7 /* Project object */;
			proxyType = 1;
			remoteGlobalIDString = 3FA5B8E52358F1050087E3C7;
			remoteInfo = SmartLeafy2;
		};
		3FA5B9062358F1070087E3C7 /* PBXContainerItemProxy */ = {
			isa = PBXContainerItemProxy;
			containerPortal = 3FA5B8DE2358F1050087E3C7 /* Project object */;
			proxyType = 1;
			remoteGlobalIDString = 3FA5B8E52358F1050087E3C7;
			remoteInfo = SmartLeafy2;
		};
/* End PBXContainerItemProxy section */

/* Begin PBXFileReference section */
		3F8D6431235A1C2C0074EA79 /* PlantaViewController.swift */ = {isa = PBXFileReference; lastKnownFileType = sourcecode.swift; path = PlantaViewController.swift; sourceTree = "<group>"; };
		3F8D6433235A271A0074EA79 /* PlantaEspecificaViewController.swift */ = {isa = PBXFileReference; lastKnownFileType = sourcecode.swift; path = PlantaEspecificaViewController.swift; sourceTree = "<group>"; };
		3FA5B8E62358F1050087E3C7 /* SmartLeafy2.app */ = {isa = PBXFileReference; explicitFileType = wrapper.application; includeInIndex = 0; path = SmartLeafy2.app; sourceTree = BUILT_PRODUCTS_DIR; };
		3FA5B8E92358F1050087E3C7 /* AppDelegate.swift */ = {isa = PBXFileReference; lastKnownFileType = sourcecode.swift; path = AppDelegate.swift; sourceTree = "<group>"; };
		3FA5B8EB2358F1050087E3C7 /* ViewController.swift */ = {isa = PBXFileReference; lastKnownFileType = sourcecode.swift; path = ViewController.swift; sourceTree = "<group>"; };
		3FA5B8EE2358F1050087E3C7 /* Base */ = {isa = PBXFileReference; lastKnownFileType = file.storyboard; name = Base; path = Base.lproj/Main.storyboard; sourceTree = "<group>"; };
		3FA5B8F02358F1070087E3C7 /* Assets.xcassets */ = {isa = PBXFileReference; lastKnownFileType = folder.assetcatalog; path = Assets.xcassets; sourceTree = "<group>"; };
		3FA5B8F32358F1070087E3C7 /* Base */ = {isa = PBXFileReference; lastKnownFileType = file.storyboard; name = Base; path = Base.lproj/LaunchScreen.storyboard; sourceTree = "<group>"; };
		3FA5B8F52358F1070087E3C7 /* Info.plist */ = {isa = PBXFileReference; lastKnownFileType = text.plist.xml; path = Info.plist; sourceTree = "<group>"; };
		3FA5B8FA2358F1070087E3C7 /* SmartLeafy2Tests.xctest */ = {isa = PBXFileReference; explicitFileType = wrapper.cfbundle; includeInIndex = 0; path = SmartLeafy2Tests.xctest; sourceTree = BUILT_PRODUCTS_DIR; };
		3FA5B8FE2358F1070087E3C7 /* SmartLeafy2Tests.swift */ = {isa = PBXFileReference; lastKnownFileType = sourcecode.swift; path = SmartLeafy2Tests.swift; sourceTree = "<group>"; };
		3FA5B9002358F1070087E3C7 /* Info.plist */ = {isa = PBXFileReference; lastKnownFileType = text.plist.xml; path = Info.plist; sourceTree = "<group>"; };
		3FA5B9052358F1070087E3C7 /* SmartLeafy2UITests.xctest */ = {isa = PBXFileReference; explicitFileType = wrapper.cfbundle; includeInIndex = 0; path = SmartLeafy2UITests.xctest; sourceTree = BUILT_PRODUCTS_DIR; };
		3FA5B9092358F1070087E3C7 /* SmartLeafy2UITests.swift */ = {isa = PBXFileReference; lastKnownFileType = sourcecode.swift; path = SmartLeafy2UITests.swift; sourceTree = "<group>"; };
		3FA5B90B2358F1070087E3C7 /* Info.plist */ = {isa = PBXFileReference; lastKnownFileType = text.plist.xml; path = Info.plist; sourceTree = "<group>"; };
		3FA5B9172358F1B40087E3C7 /* Solo.swift */ = {isa = PBXFileReference; fileEncoding = 4; lastKnownFileType = sourcecode.swift; name = Solo.swift; path = ../../Solo.swift; sourceTree = "<group>"; };
		3FA5B9192358F1D90087E3C7 /* Planta.swift */ = {isa = PBXFileReference; fileEncoding = 4; lastKnownFileType = sourcecode.swift; name = Planta.swift; path = ../../Planta.swift; sourceTree = "<group>"; };
		3FA5B91B2358F1E10087E3C7 /* PlantaDAO.swift */ = {isa = PBXFileReference; fileEncoding = 4; lastKnownFileType = sourcecode.swift; name = PlantaDAO.swift; path = ../../PlantaDAO.swift; sourceTree = "<group>"; };
		3FA5B91F2358F4BA0087E3C7 /* PlantaCollectionViewCell.swift */ = {isa = PBXFileReference; lastKnownFileType = sourcecode.swift; path = PlantaCollectionViewCell.swift; sourceTree = "<group>"; };
/* End PBXFileReference section */

/* Begin PBXFrameworksBuildPhase section */
		3FA5B8E32358F1050087E3C7 /* Frameworks */ = {
			isa = PBXFrameworksBuildPhase;
			buildActionMask = 2147483647;
			files = (
			);
			runOnlyForDeploymentPostprocessing = 0;
		};
		3FA5B8F72358F1070087E3C7 /* Frameworks */ = {
			isa = PBXFrameworksBuildPhase;
			buildActionMask = 2147483647;
			files = (
			);
			runOnlyForDeploymentPostprocessing = 0;
		};
		3FA5B9022358F1070087E3C7 /* Frameworks */ = {
			isa = PBXFrameworksBuildPhase;
			buildActionMask = 2147483647;
			files = (
			);
			runOnlyForDeploymentPostprocessing = 0;
		};
/* End PBXFrameworksBuildPhase section */

/* Begin PBXGroup section */
		3FA5B8DD2358F1050087E3C7 = {
			isa = PBXGroup;
			children = (
				3FA5B8E82358F1050087E3C7 /* SmartLeafy2 */,
				3FA5B8FD2358F1070087E3C7 /* SmartLeafy2Tests */,
				3FA5B9082358F1070087E3C7 /* SmartLeafy2UITests */,
				3FA5B8E72358F1050087E3C7 /* Products */,
			);
			sourceTree = "<group>";
		};
		3FA5B8E72358F1050087E3C7 /* Products */ = {
			isa = PBXGroup;
			children = (
				3FA5B8E62358F1050087E3C7 /* SmartLeafy2.app */,
				3FA5B8FA2358F1070087E3C7 /* SmartLeafy2Tests.xctest */,
				3FA5B9052358F1070087E3C7 /* SmartLeafy2UITests.xctest */,
			);
			name = Products;
			sourceTree = "<group>";
		};
		3FA5B8E82358F1050087E3C7 /* SmartLeafy2 */ = {
			isa = PBXGroup;
			children = (
				3FA5B8E92358F1050087E3C7 /* AppDelegate.swift */,
				3FA5B91F2358F4BA0087E3C7 /* PlantaCollectionViewCell.swift */,
				3FA5B9192358F1D90087E3C7 /* Planta.swift */,
				3FA5B91B2358F1E10087E3C7 /* PlantaDAO.swift */,
				3FA5B8EB2358F1050087E3C7 /* ViewController.swift */,
				3FA5B8ED2358F1050087E3C7 /* Main.storyboard */,
				3F8D6433235A271A0074EA79 /* PlantaEspecificaViewController.swift */,
				3F8D6431235A1C2C0074EA79 /* PlantaViewController.swift */,
				3FA5B8F02358F1070087E3C7 /* Assets.xcassets */,
				3FA5B9172358F1B40087E3C7 /* Solo.swift */,
				3FA5B8F22358F1070087E3C7 /* LaunchScreen.storyboard */,
				3FA5B8F52358F1070087E3C7 /* Info.plist */,
			);
			path = SmartLeafy2;
			sourceTree = "<group>";
		};
		3FA5B8FD2358F1070087E3C7 /* SmartLeafy2Tests */ = {
			isa = PBXGroup;
			children = (
				3FA5B8FE2358F1070087E3C7 /* SmartLeafy2Tests.swift */,
				3FA5B9002358F1070087E3C7 /* Info.plist */,
			);
			path = SmartLeafy2Tests;
			sourceTree = "<group>";
		};
		3FA5B9082358F1070087E3C7 /* SmartLeafy2UITests */ = {
			isa = PBXGroup;
			children = (
				3FA5B9092358F1070087E3C7 /* SmartLeafy2UITests.swift */,
				3FA5B90B2358F1070087E3C7 /* Info.plist */,
			);
			path = SmartLeafy2UITests;
			sourceTree = "<group>";
		};
/* End PBXGroup section */

/* Begin PBXNativeTarget section */
		3FA5B8E52358F1050087E3C7 /* SmartLeafy2 */ = {
			isa = PBXNativeTarget;
			buildConfigurationList = 3FA5B90E2358F1070087E3C7 /* Build configuration list for PBXNativeTarget "SmartLeafy2" */;
			buildPhases = (
				3FA5B8E22358F1050087E3C7 /* Sources */,
				3FA5B8E32358F1050087E3C7 /* Frameworks */,
				3FA5B8E42358F1050087E3C7 /* Resources */,
			);
			buildRules = (
			);
			dependencies = (
			);
			name = SmartLeafy2;
			productName = SmartLeafy2;
			productReference = 3FA5B8E62358F1050087E3C7 /* SmartLeafy2.app */;
			productType = "com.apple.product-type.application";
		};
		3FA5B8F92358F1070087E3C7 /* SmartLeafy2Tests */ = {
			isa = PBXNativeTarget;
			buildConfigurationList = 3FA5B9112358F1070087E3C7 /* Build configuration list for PBXNativeTarget "SmartLeafy2Tests" */;
			buildPhases = (
				3FA5B8F62358F1070087E3C7 /* Sources */,
				3FA5B8F72358F1070087E3C7 /* Frameworks */,
				3FA5B8F82358F1070087E3C7 /* Resources */,
			);
			buildRules = (
			);
			dependencies = (
				3FA5B8FC2358F1070087E3C7 /* PBXTargetDependency */,
			);
			name = SmartLeafy2Tests;
			productName = SmartLeafy2Tests;
			productReference = 3FA5B8FA2358F1070087E3C7 /* SmartLeafy2Tests.xctest */;
			productType = "com.apple.product-type.bundle.unit-test";
		};
		3FA5B9042358F1070087E3C7 /* SmartLeafy2UITests */ = {
			isa = PBXNativeTarget;
			buildConfigurationList = 3FA5B9142358F1070087E3C7 /* Build configuration list for PBXNativeTarget "SmartLeafy2UITests" */;
			buildPhases = (
				3FA5B9012358F1070087E3C7 /* Sources */,
				3FA5B9022358F1070087E3C7 /* Frameworks */,
				3FA5B9032358F1070087E3C7 /* Resources */,
			);
			buildRules = (
			);
			dependencies = (
				3FA5B9072358F1070087E3C7 /* PBXTargetDependency */,
			);
			name = SmartLeafy2UITests;
			productName = SmartLeafy2UITests;
			productReference = 3FA5B9052358F1070087E3C7 /* SmartLeafy2UITests.xctest */;
			productType = "com.apple.product-type.bundle.ui-testing";
		};
/* End PBXNativeTarget section */

/* Begin PBXProject section */
		3FA5B8DE2358F1050087E3C7 /* Project object */ = {
			isa = PBXProject;
			attributes = {
				LastSwiftUpdateCheck = 1030;
				LastUpgradeCheck = 1030;
				ORGANIZATIONNAME = Student;
				TargetAttributes = {
					3FA5B8E52358F1050087E3C7 = {
						CreatedOnToolsVersion = 10.3;
					};
					3FA5B8F92358F1070087E3C7 = {
						CreatedOnToolsVersion = 10.3;
						TestTargetID = 3FA5B8E52358F1050087E3C7;
					};
					3FA5B9042358F1070087E3C7 = {
						CreatedOnToolsVersion = 10.3;
						TestTargetID = 3FA5B8E52358F1050087E3C7;
					};
				};
			};
			buildConfigurationList = 3FA5B8E12358F1050087E3C7 /* Build configuration list for PBXProject "SmartLeafy2" */;
			compatibilityVersion = "Xcode 9.3";
			developmentRegion = en;
			hasScannedForEncodings = 0;
			knownRegions = (
				en,
				Base,
			);
			mainGroup = 3FA5B8DD2358F1050087E3C7;
			productRefGroup = 3FA5B8E72358F1050087E3C7 /* Products */;
			projectDirPath = "";
			projectRoot = "";
			targets = (
				3FA5B8E52358F1050087E3C7 /* SmartLeafy2 */,
				3FA5B8F92358F1070087E3C7 /* SmartLeafy2Tests */,
				3FA5B9042358F1070087E3C7 /* SmartLeafy2UITests */,
			);
		};
/* End PBXProject section */

/* Begin PBXResourcesBuildPhase section */
		3FA5B8E42358F1050087E3C7 /* Resources */ = {
			isa = PBXResourcesBuildPhase;
			buildActionMask = 2147483647;
			files = (
				3FA5B8F42358F1070087E3C7 /* LaunchScreen.storyboard in Resources */,
				3FA5B8F12358F1070087E3C7 /* Assets.xcassets in Resources */,
				3FA5B8EF2358F1050087E3C7 /* Main.storyboard in Resources */,
			);
			runOnlyForDeploymentPostprocessing = 0;
		};
		3FA5B8F82358F1070087E3C7 /* Resources */ = {
			isa = PBXResourcesBuildPhase;
			buildActionMask = 2147483647;
			files = (
			);
			runOnlyForDeploymentPostprocessing = 0;
		};
		3FA5B9032358F1070087E3C7 /* Resources */ = {
			isa = PBXResourcesBuildPhase;
			buildActionMask = 2147483647;
			files = (
			);
			runOnlyForDeploymentPostprocessing = 0;
		};
/* End PBXResourcesBuildPhase section */

/* Begin PBXSourcesBuildPhase section */
		3FA5B8E22358F1050087E3C7 /* Sources */ = {
			isa = PBXSourcesBuildPhase;
			buildActionMask = 2147483647;
			files = (
				3FA5B9182358F1B40087E3C7 /* Solo.swift in Sources */,
				3FA5B8EC2358F1050087E3C7 /* ViewController.swift in Sources */,
				3FA5B9202358F4BA0087E3C7 /* PlantaCollectionViewCell.swift in Sources */,
				3F8D6434235A271A0074EA79 /* PlantaEspecificaViewController.swift in Sources */,
				3F8D6432235A1C2C0074EA79 /* PlantaViewController.swift in Sources */,
				3FA5B91C2358F1E10087E3C7 /* PlantaDAO.swift in Sources */,
				3FA5B8EA2358F1050087E3C7 /* AppDelegate.swift in Sources */,
				3FA5B91A2358F1D90087E3C7 /* Planta.swift in Sources */,
			);
			runOnlyForDeploymentPostprocessing = 0;
		};
		3FA5B8F62358F1070087E3C7 /* Sources */ = {
			isa = PBXSourcesBuildPhase;
			buildActionMask = 2147483647;
			files = (
				3FA5B8FF2358F1070087E3C7 /* SmartLeafy2Tests.swift in Sources */,
			);
			runOnlyForDeploymentPostprocessing = 0;
		};
		3FA5B9012358F1070087E3C7 /* Sources */ = {
			isa = PBXSourcesBuildPhase;
			buildActionMask = 2147483647;
			files = (
				3FA5B90A2358F1070087E3C7 /* SmartLeafy2UITests.swift in Sources */,
			);
			runOnlyForDeploymentPostprocessing = 0;
		};
/* End PBXSourcesBuildPhase section */

/* Begin PBXTargetDependency section */
		3FA5B8FC2358F1070087E3C7 /* PBXTargetDependency */ = {
			isa = PBXTargetDependency;
			target = 3FA5B8E52358F1050087E3C7 /* SmartLeafy2 */;
			targetProxy = 3FA5B8FB2358F1070087E3C7 /* PBXContainerItemProxy */;
		};
		3FA5B9072358F1070087E3C7 /* PBXTargetDependency */ = {
			isa = PBXTargetDependency;
			target = 3FA5B8E52358F1050087E3C7 /* SmartLeafy2 */;
			targetProxy = 3FA5B9062358F1070087E3C7 /* PBXContainerItemProxy */;
		};
/* End PBXTargetDependency section */

/* Begin PBXVariantGroup section */
		3FA5B8ED2358F1050087E3C7 /* Main.storyboard */ = {
			isa = PBXVariantGroup;
			children = (
				3FA5B8EE2358F1050087E3C7 /* Base */,
			);
			name = Main.storyboard;
			sourceTree = "<group>";
		};
		3FA5B8F22358F1070087E3C7 /* LaunchScreen.storyboard */ = {
			isa = PBXVariantGroup;
			children = (
				3FA5B8F32358F1070087E3C7 /* Base */,
			);
			name = LaunchScreen.storyboard;
			sourceTree = "<group>";
		};
/* End PBXVariantGroup section */

/* Begin XCBuildConfiguration section */
		3FA5B90C2358F1070087E3C7 /* Debug */ = {
			isa = XCBuildConfiguration;
			buildSettings = {
				ALWAYS_SEARCH_USER_PATHS = NO;
				CLANG_ANALYZER_NONNULL = YES;
				CLANG_ANALYZER_NUMBER_OBJECT_CONVERSION = YES_AGGRESSIVE;
				CLANG_CXX_LANGUAGE_STANDARD = "gnu++14";
				CLANG_CXX_LIBRARY = "libc++";
				CLANG_ENABLE_MODULES = YES;
				CLANG_ENABLE_OBJC_ARC = YES;
				CLANG_ENABLE_OBJC_WEAK = YES;
				CLANG_WARN_BLOCK_CAPTURE_AUTORELEASING = YES;
				CLANG_WARN_BOOL_CONVERSION = YES;
				CLANG_WARN_COMMA = YES;
				CLANG_WARN_CONSTANT_CONVERSION = YES;
				CLANG_WARN_DEPRECATED_OBJC_IMPLEMENTATIONS = YES;
				CLANG_WARN_DIRECT_OBJC_ISA_USAGE = YES_ERROR;
				CLANG_WARN_DOCUMENTATION_COMMENTS = YES;
				CLANG_WARN_EMPTY_BODY = YES;
				CLANG_WARN_ENUM_CONVERSION = YES;
				CLANG_WARN_INFINITE_RECURSION = YES;
				CLANG_WARN_INT_CONVERSION = YES;
				CLANG_WARN_NON_LITERAL_NULL_CONVERSION = YES;
				CLANG_WARN_OBJC_IMPLICIT_RETAIN_SELF = YES;
				CLANG_WARN_OBJC_LITERAL_CONVERSION = YES;
				CLANG_WARN_OBJC_ROOT_CLASS = YES_ERROR;
				CLANG_WARN_RANGE_LOOP_ANALYSIS = YES;
				CLANG_WARN_STRICT_PROTOTYPES = YES;
				CLANG_WARN_SUSPICIOUS_MOVE = YES;
				CLANG_WARN_UNGUARDED_AVAILABILITY = YES_AGGRESSIVE;
				CLANG_WARN_UNREACHABLE_CODE = YES;
				CLANG_WARN__DUPLICATE_METHOD_MATCH = YES;
				CODE_SIGN_IDENTITY = "iPhone Developer";
				COPY_PHASE_STRIP = NO;
				DEBUG_INFORMATION_FORMAT = dwarf;
				ENABLE_STRICT_OBJC_MSGSEND = YES;
				ENABLE_TESTABILITY = YES;
				GCC_C_LANGUAGE_STANDARD = gnu11;
				GCC_DYNAMIC_NO_PIC = NO;
				GCC_NO_COMMON_BLOCKS = YES;
				GCC_OPTIMIZATION_LEVEL = 0;
				GCC_PREPROCESSOR_DEFINITIONS = (
					"DEBUG=1",
					"$(inherited)",
				);
				GCC_WARN_64_TO_32_BIT_CONVERSION = YES;
				GCC_WARN_ABOUT_RETURN_TYPE = YES_ERROR;
				GCC_WARN_UNDECLARED_SELECTOR = YES;
				GCC_WARN_UNINITIALIZED_AUTOS = YES_AGGRESSIVE;
				GCC_WARN_UNUSED_FUNCTION = YES;
				GCC_WARN_UNUSED_VARIABLE = YES;
				IPHONEOS_DEPLOYMENT_TARGET = 12.4;
				MTL_ENABLE_DEBUG_INFO = INCLUDE_SOURCE;
				MTL_FAST_MATH = YES;
				ONLY_ACTIVE_ARCH = YES;
				SDKROOT = iphoneos;
				SWIFT_ACTIVE_COMPILATION_CONDITIONS = DEBUG;
				SWIFT_OPTIMIZATION_LEVEL = "-Onone";
			};
			name = Debug;
		};
		3FA5B90D2358F1070087E3C7 /* Release */ = {
			isa = XCBuildConfiguration;
			buildSettings = {
				ALWAYS_SEARCH_USER_PATHS = NO;
				CLANG_ANALYZER_NONNULL = YES;
				CLANG_ANALYZER_NUMBER_OBJECT_CONVERSION = YES_AGGRESSIVE;
				CLANG_CXX_LANGUAGE_STANDARD = "gnu++14";
				CLANG_CXX_LIBRARY = "libc++";
				CLANG_ENABLE_MODULES = YES;
				CLANG_ENABLE_OBJC_ARC = YES;
				CLANG_ENABLE_OBJC_WEAK = YES;
				CLANG_WARN_BLOCK_CAPTURE_AUTORELEASING = YES;
				CLANG_WARN_BOOL_CONVERSION = YES;
				CLANG_WARN_COMMA = YES;
				CLANG_WARN_CONSTANT_CONVERSION = YES;
				CLANG_WARN_DEPRECATED_OBJC_IMPLEMENTATIONS = YES;
				CLANG_WARN_DIRECT_OBJC_ISA_USAGE = YES_ERROR;
				CLANG_WARN_DOCUMENTATION_COMMENTS = YES;
				CLANG_WARN_EMPTY_BODY = YES;
				CLANG_WARN_ENUM_CONVERSION = YES;
				CLANG_WARN_INFINITE_RECURSION = YES;
				CLANG_WARN_INT_CONVERSION = YES;
				CLANG_WARN_NON_LITERAL_NULL_CONVERSION = YES;
				CLANG_WARN_OBJC_IMPLICIT_RETAIN_SELF = YES;
				CLANG_WARN_OBJC_LITERAL_CONVERSION = YES;
				CLANG_WARN_OBJC_ROOT_CLASS = YES_ERROR;
				CLANG_WARN_RANGE_LOOP_ANALYSIS = YES;
				CLANG_WARN_STRICT_PROTOTYPES = YES;
				CLANG_WARN_SUSPICIOUS_MOVE = YES;
				CLANG_WARN_UNGUARDED_AVAILABILITY = YES_AGGRESSIVE;
				CLANG_WARN_UNREACHABLE_CODE = YES;
				CLANG_WARN__DUPLICATE_METHOD_MATCH = YES;
				CODE_SIGN_IDENTITY = "iPhone Developer";
				COPY_PHASE_STRIP = NO;
				DEBUG_INFORMATION_FORMAT = "dwarf-with-dsym";
				ENABLE_NS_ASSERTIONS = NO;
				ENABLE_STRICT_OBJC_MSGSEND = YES;
				GCC_C_LANGUAGE_STANDARD = gnu11;
				GCC_NO_COMMON_BLOCKS = YES;
				GCC_WARN_64_TO_32_BIT_CONVERSION = YES;
				GCC_WARN_ABOUT_RETURN_TYPE = YES_ERROR;
				GCC_WARN_UNDECLARED_SELECTOR = YES;
				GCC_WARN_UNINITIALIZED_AUTOS = YES_AGGRESSIVE;
				GCC_WARN_UNUSED_FUNCTION = YES;
				GCC_WARN_UNUSED_VARIABLE = YES;
				IPHONEOS_DEPLOYMENT_TARGET = 12.4;
				MTL_ENABLE_DEBUG_INFO = NO;
				MTL_FAST_MATH = YES;
				SDKROOT = iphoneos;
				SWIFT_COMPILATION_MODE = wholemodule;
				SWIFT_OPTIMIZATION_LEVEL = "-O";
				VALIDATE_PRODUCT = YES;
			};
			name = Release;
		};
		3FA5B90F2358F1070087E3C7 /* Debug */ = {
			isa = XCBuildConfiguration;
			buildSettings = {
				ASSETCATALOG_COMPILER_APPICON_NAME = AppIcon;
				CODE_SIGN_STYLE = Automatic;
				INFOPLIST_FILE = SmartLeafy2/Info.plist;
				LD_RUNPATH_SEARCH_PATHS = (
					"$(inherited)",
					"@executable_path/Frameworks",
				);
				PRODUCT_BUNDLE_IDENTIFIER = teste.SmartLeafy2;
				PRODUCT_NAME = "$(TARGET_NAME)";
				SWIFT_VERSION = 5.0;
				TARGETED_DEVICE_FAMILY = "1,2";
			};
			name = Debug;
		};
		3FA5B9102358F1070087E3C7 /* Release */ = {
			isa = XCBuildConfiguration;
			buildSettings = {
				ASSETCATALOG_COMPILER_APPICON_NAME = AppIcon;
				CODE_SIGN_STYLE = Automatic;
				INFOPLIST_FILE = SmartLeafy2/Info.plist;
				LD_RUNPATH_SEARCH_PATHS = (
					"$(inherited)",
					"@executable_path/Frameworks",
				);
				PRODUCT_BUNDLE_IDENTIFIER = teste.SmartLeafy2;
				PRODUCT_NAME = "$(TARGET_NAME)";
				SWIFT_VERSION = 5.0;
				TARGETED_DEVICE_FAMILY = "1,2";
			};
			name = Release;
		};
		3FA5B9122358F1070087E3C7 /* Debug */ = {
			isa = XCBuildConfiguration;
			buildSettings = {
				ALWAYS_EMBED_SWIFT_STANDARD_LIBRARIES = YES;
				BUNDLE_LOADER = "$(TEST_HOST)";
				CODE_SIGN_STYLE = Automatic;
				INFOPLIST_FILE = SmartLeafy2Tests/Info.plist;
				LD_RUNPATH_SEARCH_PATHS = (
					"$(inherited)",
					"@executable_path/Frameworks",
					"@loader_path/Frameworks",
				);
				PRODUCT_BUNDLE_IDENTIFIER = teste.SmartLeafy2Tests;
				PRODUCT_NAME = "$(TARGET_NAME)";
				SWIFT_VERSION = 5.0;
				TARGETED_DEVICE_FAMILY = "1,2";
				TEST_HOST = "$(BUILT_PRODUCTS_DIR)/SmartLeafy2.app/SmartLeafy2";
			};
			name = Debug;
		};
		3FA5B9132358F1070087E3C7 /* Release */ = {
			isa = XCBuildConfiguration;
			buildSettings = {
				ALWAYS_EMBED_SWIFT_STANDARD_LIBRARIES = YES;
				BUNDLE_LOADER = "$(TEST_HOST)";
				CODE_SIGN_STYLE = Automatic;
				INFOPLIST_FILE = SmartLeafy2Tests/Info.plist;
				LD_RUNPATH_SEARCH_PATHS = (
					"$(inherited)",
					"@executable_path/Frameworks",
					"@loader_path/Frameworks",
				);
				PRODUCT_BUNDLE_IDENTIFIER = teste.SmartLeafy2Tests;
				PRODUCT_NAME = "$(TARGET_NAME)";
				SWIFT_VERSION = 5.0;
				TARGETED_DEVICE_FAMILY = "1,2";
				TEST_HOST = "$(BUILT_PRODUCTS_DIR)/SmartLeafy2.app/SmartLeafy2";
			};
			name = Release;
		};
		3FA5B9152358F1070087E3C7 /* Debug */ = {
			isa = XCBuildConfiguration;
			buildSettings = {
				ALWAYS_EMBED_SWIFT_STANDARD_LIBRARIES = YES;
				CODE_SIGN_STYLE = Automatic;
				INFOPLIST_FILE = SmartLeafy2UITests/Info.plist;
				LD_RUNPATH_SEARCH_PATHS = (
					"$(inherited)",
					"@executable_path/Frameworks",
					"@loader_path/Frameworks",
				);
				PRODUCT_BUNDLE_IDENTIFIER = teste.SmartLeafy2UITests;
				PRODUCT_NAME = "$(TARGET_NAME)";
				SWIFT_VERSION = 5.0;
				TARGETED_DEVICE_FAMILY = "1,2";
				TEST_TARGET_NAME = SmartLeafy2;
			};
			name = Debug;
		};
		3FA5B9162358F1070087E3C7 /* Release */ = {
			isa = XCBuildConfiguration;
			buildSettings = {
				ALWAYS_EMBED_SWIFT_STANDARD_LIBRARIES = YES;
				CODE_SIGN_STYLE = Automatic;
				INFOPLIST_FILE = SmartLeafy2UITests/Info.plist;
				LD_RUNPATH_SEARCH_PATHS = (
					"$(inherited)",
					"@executable_path/Frameworks",
					"@loader_path/Frameworks",
				);
				PRODUCT_BUNDLE_IDENTIFIER = teste.SmartLeafy2UITests;
				PRODUCT_NAME = "$(TARGET_NAME)";
				SWIFT_VERSION = 5.0;
				TARGETED_DEVICE_FAMILY = "1,2";
				TEST_TARGET_NAME = SmartLeafy2;
			};
			name = Release;
		};
/* End XCBuildConfiguration section */

/* Begin XCConfigurationList section */
		3FA5B8E12358F1050087E3C7 /* Build configuration list for PBXProject "SmartLeafy2" */ = {
			isa = XCConfigurationList;
			buildConfigurations = (
				3FA5B90C2358F1070087E3C7 /* Debug */,
				3FA5B90D2358F1070087E3C7 /* Release */,
			);
			defaultConfigurationIsVisible = 0;
			defaultConfigurationName = Release;
		};
		3FA5B90E2358F1070087E3C7 /* Build configuration list for PBXNativeTarget "SmartLeafy2" */ = {
			isa = XCConfigurationList;
			buildConfigurations = (
				3FA5B90F2358F1070087E3C7 /* Debug */,
				3FA5B9102358F1070087E3C7 /* Release */,
			);
			defaultConfigurationIsVisible = 0;
			defaultConfigurationName = Release;
		};
		3FA5B9112358F1070087E3C7 /* Build configuration list for PBXNativeTarget "SmartLeafy2Tests" */ = {
			isa = XCConfigurationList;
			buildConfigurations = (
				3FA5B9122358F1070087E3C7 /* Debug */,
				3FA5B9132358F1070087E3C7 /* Release */,
			);
			defaultConfigurationIsVisible = 0;
			defaultConfigurationName = Release;
		};
		3FA5B9142358F1070087E3C7 /* Build configuration list for PBXNativeTarget "SmartLeafy2UITests" */ = {
			isa = XCConfigurationList;
			buildConfigurations = (
				3FA5B9152358F1070087E3C7 /* Debug */,
				3FA5B9162358F1070087E3C7 /* Release */,
			);
			defaultConfigurationIsVisible = 0;
			defaultConfigurationName = Release;
		};
/* End XCConfigurationList section */
	};
	rootObject = 3FA5B8DE2358F1050087E3C7 /* Project object */;
}
